github.com/allegro/bigcache v1.2.1 h1:hg1sY1raCwic3Vnsvje6TT7/pnZba83LeFck5NrFKSc=
github.com/allegro/bigcache v1.2.1/go.mod h1:Cb/ax3seSYIx7SuZdm2G2xzfwmv3TPSk2ucNfQESPXM=
github.com/allegro/bigcache/v2 v2.2.4 h1:KuqdWxz12ywtykdsk+SlTKu6TW0ADLGwtisGN+JfKYw=
github.com/allegro/bigcache/v2 v2.2.4/go.mod h1:FppZsIO+IZk7gCuj5FiIDHGygD9xvWQcqg1uIPMb6tY=
github.com/go-playground/locales v0.13.0 h1:HyWk6mgj5qFqCT5fjGBuRArbVDfE4hi8+e8ceBS/t7Q=
github.com/go-playground/locales v0.13.0/go.mod h1:taPMhCMXrRLJO55olJkUXHZBHCxTMfnGwq/HNwmWNS8=
github.com/matryer/is v1.4.0 h1:sosSmIWwkYITGrxZ25ULNDeKiMNzFSr4V/eqBQP0PeE=
github.com/matryer/is v1.4.0/go.mod h1:8I/i5uYgLzgsgEloJE1U6xx5HkBQpAZvepWuujKwMRU=
github.com/siddontang/go v0.0.0-20180604090527-bdc77568d726 h1:xT+JlYxNGqyT+XcU8iUrN18JYed2TvG9yN5ULG2jATM=
github.com/siddontang/go v0.0.0-20180604090527-bdc77568d726/go.mod h1:3yhqj7WBBfRhbBlzyOC3gUxftwsU0u8gqevxwIHQpMw=
golang.org/x/text v0.3.2/go.mod h1:bEr9sfX3Q8Zfm5fL9x+3itogRgK3+ptLWKqgva+5dAk=
golang.org/x/tools v0.0.0-20180917221912-90fa682c2a6e/go.mod h1:n7NCudcB/nEzxVGmLbDWY5pfWTLqBcC2KZ6jyYvM4mQ=
